// !$*UTF8*$!
{
	archiveVersion = 1;
	classes = {
	};
	objectVersion = 55;
	objects = {

/* Begin PBXBuildFile section */
		29AAD61F29353A9A008C42FA /* AppDelegate.swift in Sources */ = {isa = PBXBuildFile; fileRef = 29AAD61E29353A9A008C42FA /* AppDelegate.swift */; };
		29AAD62129353A9A008C42FA /* SceneDelegate.swift in Sources */ = {isa = PBXBuildFile; fileRef = 29AAD62029353A9A008C42FA /* SceneDelegate.swift */; };
		29AAD62329353A9A008C42FA /* PlantSpeciesViewController.swift in Sources */ = {isa = PBXBuildFile; fileRef = 29AAD62229353A9A008C42FA /* PlantSpeciesViewController.swift */; };
		29AAD62629353A9A008C42FA /* Main.storyboard in Resources */ = {isa = PBXBuildFile; fileRef = 29AAD62429353A9A008C42FA /* Main.storyboard */; };
		29AAD62829353A9B008C42FA /* Assets.xcassets in Resources */ = {isa = PBXBuildFile; fileRef = 29AAD62729353A9B008C42FA /* Assets.xcassets */; };
		29AAD62B29353A9B008C42FA /* LaunchScreen.storyboard in Resources */ = {isa = PBXBuildFile; fileRef = 29AAD62929353A9B008C42FA /* LaunchScreen.storyboard */; };
		29AAD63329360E0F008C42FA /* PlantSpeciesTableViewCell.swift in Sources */ = {isa = PBXBuildFile; fileRef = 29AAD63229360E0E008C42FA /* PlantSpeciesTableViewCell.swift */; };
		29AAD635293611C3008C42FA /* PlantDetailsViewController.swift in Sources */ = {isa = PBXBuildFile; fileRef = 29AAD634293611C3008C42FA /* PlantDetailsViewController.swift */; };
		29AAD639293612FF008C42FA /* PlantData.swift in Sources */ = {isa = PBXBuildFile; fileRef = 29AAD638293612FF008C42FA /* PlantData.swift */; };
/* End PBXBuildFile section */

/* Begin PBXFileReference section */
		29AAD61B29353A9A008C42FA /* hw_table_view.app */ = {isa = PBXFileReference; explicitFileType = wrapper.application; includeInIndex = 0; path = hw_table_view.app; sourceTree = BUILT_PRODUCTS_DIR; };
		29AAD61E29353A9A008C42FA /* AppDelegate.swift */ = {isa = PBXFileReference; lastKnownFileType = sourcecode.swift; path = AppDelegate.swift; sourceTree = "<group>"; };
		29AAD62029353A9A008C42FA /* SceneDelegate.swift */ = {isa = PBXFileReference; lastKnownFileType = sourcecode.swift; path = SceneDelegate.swift; sourceTree = "<group>"; };
		29AAD62229353A9A008C42FA /* PlantSpeciesViewController.swift */ = {isa = PBXFileReference; lastKnownFileType = sourcecode.swift; path = PlantSpeciesViewController.swift; sourceTree = "<group>"; };
		29AAD62529353A9A008C42FA /* Base */ = {isa = PBXFileReference; lastKnownFileType = file.storyboard; name = Base; path = Base.lproj/Main.storyboard; sourceTree = "<group>"; };
		29AAD62729353A9B008C42FA /* Assets.xcassets */ = {isa = PBXFileReference; lastKnownFileType = folder.assetcatalog; path = Assets.xcassets; sourceTree = "<group>"; };
		29AAD62A29353A9B008C42FA /* Base */ = {isa = PBXFileReference; lastKnownFileType = file.storyboard; name = Base; path = Base.lproj/LaunchScreen.storyboard; sourceTree = "<group>"; };
		29AAD62C29353A9B008C42FA /* Info.plist */ = {isa = PBXFileReference; lastKnownFileType = text.plist.xml; path = Info.plist; sourceTree = "<group>"; };
		29AAD63229360E0E008C42FA /* PlantSpeciesTableViewCell.swift */ = {isa = PBXFileReference; lastKnownFileType = sourcecode.swift; path = PlantSpeciesTableViewCell.swift; sourceTree = "<group>"; };
		29AAD634293611C3008C42FA /* PlantDetailsViewController.swift */ = {isa = PBXFileReference; lastKnownFileType = sourcecode.swift; path = PlantDetailsViewController.swift; sourceTree = "<group>"; };
		29AAD638293612FF008C42FA /* PlantData.swift */ = {isa = PBXFileReference; lastKnownFileType = sourcecode.swift; path = PlantData.swift; sourceTree = "<group>"; };
/* End PBXFileReference section */

/* Begin PBXFrameworksBuildPhase section */
		29AAD61829353A9A008C42FA /* Frameworks */ = {
			isa = PBXFrameworksBuildPhase;
			buildActionMask = 2147483647;
			files = (
			);
			runOnlyForDeploymentPostprocessing = 0;
		};
/* End PBXFrameworksBuildPhase section */

/* Begin PBXGroup section */
		29AAD61229353A9A008C42FA = {
			isa = PBXGroup;
			children = (
				29AAD61D29353A9A008C42FA /* hw_table_view */,
				29AAD61C29353A9A008C42FA /* Products */,
			);
			sourceTree = "<group>";
		};
		29AAD61C29353A9A008C42FA /* Products */ = {
			isa = PBXGroup;
			children = (
				29AAD61B29353A9A008C42FA /* hw_table_view.app */,
			);
			name = Products;
			sourceTree = "<group>";
		};
		29AAD61D29353A9A008C42FA /* hw_table_view */ = {
			isa = PBXGroup;
			children = (
				29AAD61E29353A9A008C42FA /* AppDelegate.swift */,
				29AAD62029353A9A008C42FA /* SceneDelegate.swift */,
				29AAD62429353A9A008C42FA /* Main.storyboard */,
				29AAD62229353A9A008C42FA /* PlantSpeciesViewController.swift */,
				29AAD634293611C3008C42FA /* PlantDetailsViewController.swift */,
				29AAD63229360E0E008C42FA /* PlantSpeciesTableViewCell.swift */,
				29AAD638293612FF008C42FA /* PlantData.swift */,
				29AAD62729353A9B008C42FA /* Assets.xcassets */,
				29AAD62929353A9B008C42FA /* LaunchScreen.storyboard */,
				29AAD62C29353A9B008C42FA /* Info.plist */,
			);
			path = hw_table_view;
			sourceTree = "<group>";
		};
/* End PBXGroup section */

/* Begin PBXNativeTarget section */
		29AAD61A29353A9A008C42FA /* hw_table_view */ = {
			isa = PBXNativeTarget;
			buildConfigurationList = 29AAD62F29353A9B008C42FA /* Build configuration list for PBXNativeTarget "hw_table_view" */;
			buildPhases = (
				29AAD61729353A9A008C42FA /* Sources */,
				29AAD61829353A9A008C42FA /* Frameworks */,
				29AAD61929353A9A008C42FA /* Resources */,
			);
			buildRules = (
			);
			dependencies = (
			);
			name = hw_table_view;
			productName = hw_table_view;
			productReference = 29AAD61B29353A9A008C42FA /* hw_table_view.app */;
			productType = "com.apple.product-type.application";
		};
/* End PBXNativeTarget section */

/* Begin PBXProject section */
		29AAD61329353A9A008C42FA /* Project object */ = {
			isa = PBXProject;
			attributes = {
				BuildIndependentTargetsInParallel = 1;
				LastSwiftUpdateCheck = 1340;
				LastUpgradeCheck = 1340;
				TargetAttributes = {
					29AAD61A29353A9A008C42FA = {
						CreatedOnToolsVersion = 13.4.1;
					};
				};
			};
			buildConfigurationList = 29AAD61629353A9A008C42FA /* Build configuration list for PBXProject "hw_table_view" */;
			compatibilityVersion = "Xcode 13.0";
			developmentRegion = en;
			hasScannedForEncodings = 0;
			knownRegions = (
				en,
				Base,
			);
			mainGroup = 29AAD61229353A9A008C42FA;
			productRefGroup = 29AAD61C29353A9A008C42FA /* Products */;
			projectDirPath = "";
			projectRoot = "";
			targets = (
				29AAD61A29353A9A008C42FA /* hw_table_view */,
			);
		};
/* End PBXProject section */

/* Begin PBXResourcesBuildPhase section */
		29AAD61929353A9A008C42FA /* Resources */ = {
			isa = PBXResourcesBuildPhase;
			buildActionMask = 2147483647;
			files = (
				29AAD62B29353A9B008C42FA /* LaunchScreen.storyboard in Resources */,
				29AAD62829353A9B008C42FA /* Assets.xcassets in Resources */,
				29AAD62629353A9A008C42FA /* Main.storyboard in Resources */,
			);
			runOnlyForDeploymentPostprocessing = 0;
		};
/* End PBXResourcesBuildPhase section */

/* Begin PBXSourcesBuildPhase section */
		29AAD61729353A9A008C42FA /* Sources */ = {
			isa = PBXSourcesBuildPhase;
			buildActionMask = 2147483647;
			files = (
				29AAD635293611C3008C42FA /* PlantDetailsViewController.swift in Sources */,
				29AAD63329360E0F008C42FA /* PlantSpeciesTableViewCell.swift in Sources */,
				29AAD62329353A9A008C42FA /* PlantSpeciesViewController.swift in Sources */,
				29AAD639293612FF008C42FA /* PlantData.swift in Sources */,
				29AAD61F29353A9A008C42FA /* AppDelegate.swift in Sources */,
				29AAD62129353A9A008C42FA /* SceneDelegate.swift in Sources */,
			);
			runOnlyForDeploymentPostprocessing = 0;
		};
/* End PBXSourcesBuildPhase section */

/* Begin PBXVariantGroup section */
		29AAD62429353A9A008C42FA /* Main.storyboard */ = {
			isa = PBXVariantGroup;
			children = (
				29AAD62529353A9A008C42FA /* Base */,
			);
			name = Main.storyboard;
			sourceTree = "<group>";
		};
		29AAD62929353A9B008C42FA /* LaunchScreen.storyboard */ = {
			isa = PBXVariantGroup;
			children = (
				29AAD62A29353A9B008C42FA /* Base */,
			);
			name = LaunchScreen.storyboard;
			sourceTree = "<group>";
		};
/* End PBXVariantGroup section */

/* Begin XCBuildConfiguration section */
		29AAD62D29353A9B008C42FA /* Debug */ = {
			isa = XCBuildConfiguration;
			buildSettings = {
				ALWAYS_SEARCH_USER_PATHS = NO;
				CLANG_ANALYZER_NONNULL = YES;
				CLANG_ANALYZER_NUMBER_OBJECT_CONVERSION = YES_AGGRESSIVE;
				CLANG_CXX_LANGUAGE_STANDARD = "gnu++17";
				CLANG_ENABLE_MODULES = YES;
				CLANG_ENABLE_OBJC_ARC = YES;
				CLANG_ENABLE_OBJC_WEAK = YES;
				CLANG_WARN_BLOCK_CAPTURE_AUTORELEASING = YES;
				CLANG_WARN_BOOL_CONVERSION = YES;
				CLANG_WARN_COMMA = YES;
				CLANG_WARN_CONSTANT_CONVERSION = YES;
				CLANG_WARN_DEPRECATED_OBJC_IMPLEMENTATIONS = YES;
				CLANG_WARN_DIRECT_OBJC_ISA_USAGE = YES_ERROR;
				CLANG_WARN_DOCUMENTATION_COMMENTS = YES;
				CLANG_WARN_EMPTY_BODY = YES;
				CLANG_WARN_ENUM_CONVERSION = YES;
				CLANG_WARN_INFINITE_RECURSION = YES;
				CLANG_WARN_INT_CONVERSION = YES;
				CLANG_WARN_NON_LITERAL_NULL_CONVERSION = YES;
				CLANG_WARN_OBJC_IMPLICIT_RETAIN_SELF = YES;
				CLANG_WARN_OBJC_LITERAL_CONVERSION = YES;
				CLANG_WARN_OBJC_ROOT_CLASS = YES_ERROR;
				CLANG_WARN_QUOTED_INCLUDE_IN_FRAMEWORK_HEADER = YES;
				CLANG_WARN_RANGE_LOOP_ANALYSIS = YES;
				CLANG_WARN_STRICT_PROTOTYPES = YES;
				CLANG_WARN_SUSPICIOUS_MOVE = YES;
				CLANG_WARN_UNGUARDED_AVAILABILITY = YES_AGGRESSIVE;
				CLANG_WARN_UNREACHABLE_CODE = YES;
				CLANG_WARN__DUPLICATE_METHOD_MATCH = YES;
				COPY_PHASE_STRIP = NO;
				DEBUG_INFORMATION_FORMAT = dwarf;
				ENABLE_STRICT_OBJC_MSGSEND = YES;
				ENABLE_TESTABILITY = YES;
				GCC_C_LANGUAGE_STANDARD = gnu11;
				GCC_DYNAMIC_NO_PIC = NO;
				GCC_NO_COMMON_BLOCKS = YES;
				GCC_OPTIMIZATION_LEVEL = 0;
				GCC_PREPROCESSOR_DEFINITIONS = (
					"DEBUG=1",
					"$(inherited)",
				);
				GCC_WARN_64_TO_32_BIT_CONVERSION = YES;
				GCC_WARN_ABOUT_RETURN_TYPE = YES_ERROR;
				GCC_WARN_UNDECLARED_SELECTOR = YES;
				GCC_WARN_UNINITIALIZED_AUTOS = YES_AGGRESSIVE;
				GCC_WARN_UNUSED_FUNCTION = YES;
				GCC_WARN_UNUSED_VARIABLE = YES;
				IPHONEOS_DEPLOYMENT_TARGET = 15.5;
				MTL_ENABLE_DEBUG_INFO = INCLUDE_SOURCE;
				MTL_FAST_MATH = YES;
				ONLY_ACTIVE_ARCH = YES;
				SDKROOT = iphoneos;
				SWIFT_ACTIVE_COMPILATION_CONDITIONS = DEBUG;
				SWIFT_OPTIMIZATION_LEVEL = "-Onone";
			};
			name = Debug;
		};
		29AAD62E29353A9B008C42FA /* Release */ = {
			isa = XCBuildConfiguration;
			buildSettings = {
				ALWAYS_SEARCH_USER_PATHS = NO;
				CLANG_ANALYZER_NONNULL = YES;
				CLANG_ANALYZER_NUMBER_OBJECT_CONVERSION = YES_AGGRESSIVE;
				CLANG_CXX_LANGUAGE_STANDARD = "gnu++17";
				CLANG_ENABLE_MODULES = YES;
				CLANG_ENABLE_OBJC_ARC = YES;
				CLANG_ENABLE_OBJC_WEAK = YES;
				CLANG_WARN_BLOCK_CAPTURE_AUTORELEASING = YES;
				CLANG_WARN_BOOL_CONVERSION = YES;
				CLANG_WARN_COMMA = YES;
				CLANG_WARN_CONSTANT_CONVERSION = YES;
				CLANG_WARN_DEPRECATED_OBJC_IMPLEMENTATIONS = YES;
				CLANG_WARN_DIRECT_OBJC_ISA_USAGE = YES_ERROR;
				CLANG_WARN_DOCUMENTATION_COMMENTS = YES;
				CLANG_WARN_EMPTY_BODY = YES;
				CLANG_WARN_ENUM_CONVERSION = YES;
				CLANG_WARN_INFINITE_RECURSION = YES;
				CLANG_WARN_INT_CONVERSION = YES;
				CLANG_WARN_NON_LITERAL_NULL_CONVERSION = YES;
				CLANG_WARN_OBJC_IMPLICIT_RETAIN_SELF = YES;
				CLANG_WARN_OBJC_LITERAL_CONVERSION = YES;
				CLANG_WARN_OBJC_ROOT_CLASS = YES_ERROR;
				CLANG_WARN_QUOTED_INCLUDE_IN_FRAMEWORK_HEADER = YES;
				CLANG_WARN_RANGE_LOOP_ANALYSIS = YES;
				CLANG_WARN_STRICT_PROTOTYPES = YES;
				CLANG_WARN_SUSPICIOUS_MOVE = YES;
				CLANG_WARN_UNGUARDED_AVAILABILITY = YES_AGGRESSIVE;
				CLANG_WARN_UNREACHABLE_CODE = YES;
				CLANG_WARN__DUPLICATE_METHOD_MATCH = YES;
				COPY_PHASE_STRIP = NO;
				DEBUG_INFORMATION_FORMAT = "dwarf-with-dsym";
				ENABLE_NS_ASSERTIONS = NO;
				ENABLE_STRICT_OBJC_MSGSEND = YES;
				GCC_C_LANGUAGE_STANDARD = gnu11;
				GCC_NO_COMMON_BLOCKS = YES;
				GCC_WARN_64_TO_32_BIT_CONVERSION = YES;
				GCC_WARN_ABOUT_RETURN_TYPE = YES_ERROR;
				GCC_WARN_UNDECLARED_SELECTOR = YES;
				GCC_WARN_UNINITIALIZED_AUTOS = YES_AGGRESSIVE;
				GCC_WARN_UNUSED_FUNCTION = YES;
				GCC_WARN_UNUSED_VARIABLE = YES;
				IPHONEOS_DEPLOYMENT_TARGET = 15.5;
				MTL_ENABLE_DEBUG_INFO = NO;
				MTL_FAST_MATH = YES;
				SDKROOT = iphoneos;
				SWIFT_COMPILATION_MODE = wholemodule;
				SWIFT_OPTIMIZATION_LEVEL = "-O";
				VALIDATE_PRODUCT = YES;
			};
			name = Release;
		};
		29AAD63029353A9B008C42FA /* Debug */ = {
			isa = XCBuildConfiguration;
			buildSettings = {
				ASSETCATALOG_COMPILER_APPICON_NAME = AppIcon;
				ASSETCATALOG_COMPILER_GLOBAL_ACCENT_COLOR_NAME = AccentColor;
				CODE_SIGN_STYLE = Automatic;
				CURRENT_PROJECT_VERSION = 1;
				DEVELOPMENT_TEAM = 6774H7NM62;
				GENERATE_INFOPLIST_FILE = YES;
				INFOPLIST_FILE = hw_table_view/Info.plist;
				INFOPLIST_KEY_UIApplicationSupportsIndirectInputEvents = YES;
				INFOPLIST_KEY_UILaunchStoryboardName = LaunchScreen;
				INFOPLIST_KEY_UIMainStoryboardFile = Main;
				INFOPLIST_KEY_UISupportedInterfaceOrientations_iPad = "UIInterfaceOrientationPortrait UIInterfaceOrientationPortraitUpsideDown UIInterfaceOrientationLandscapeLeft UIInterfaceOrientationLandscapeRight";
				INFOPLIST_KEY_UISupportedInterfaceOrientations_iPhone = "UIInterfaceOrientationPortrait UIInterfaceOrientationLandscapeLeft UIInterfaceOrientationLandscapeRight";
				LD_RUNPATH_SEARCH_PATHS = (
					"$(inherited)",
					"@executable_path/Frameworks",
				);
				MARKETING_VERSION = 1.0;
				PRODUCT_BUNDLE_IDENTIFIER = "com.hw-table-view";
				PRODUCT_NAME = "$(TARGET_NAME)";
				SWIFT_EMIT_LOC_STRINGS = YES;
				SWIFT_VERSION = 5.0;
				TARGETED_DEVICE_FAMILY = "1,2";
			};
			name = Debug;
		};
		29AAD63129353A9B008C42FA /* Release */ = {
			isa = XCBuildConfiguration;
			buildSettings = {
				ASSETCATALOG_COMPILER_APPICON_NAME = AppIcon;
				ASSETCATALOG_COMPILER_GLOBAL_ACCENT_COLOR_NAME = AccentColor;
				CODE_SIGN_STYLE = Automatic;
				CURRENT_PROJECT_VERSION = 1;
				DEVELOPMENT_TEAM = 6774H7NM62;
				GENERATE_INFOPLIST_FILE = YES;
				INFOPLIST_FILE = hw_table_view/Info.plist;
				INFOPLIST_KEY_UIApplicationSupportsIndirectInputEvents = YES;
				INFOPLIST_KEY_UILaunchStoryboardName = LaunchScreen;
				INFOPLIST_KEY_UIMainStoryboardFile = Main;
				INFOPLIST_KEY_UISupportedInterfaceOrientations_iPad = "UIInterfaceOrientationPortrait UIInterfaceOrientationPortraitUpsideDown UIInterfaceOrientationLandscapeLeft UIInterfaceOrientationLandscapeRight";
				INFOPLIST_KEY_UISupportedInterfaceOrientations_iPhone = "UIInterfaceOrientationPortrait UIInterfaceOrientationLandscapeLeft UIInterfaceOrientationLandscapeRight";
				LD_RUNPATH_SEARCH_PATHS = (
					"$(inherited)",
					"@executable_path/Frameworks",
				);
				MARKETING_VERSION = 1.0;
				PRODUCT_BUNDLE_IDENTIFIER = "com.hw-table-view";
				PRODUCT_NAME = "$(TARGET_NAME)";
				SWIFT_EMIT_LOC_STRINGS = YES;
				SWIFT_VERSION = 5.0;
				TARGETED_DEVICE_FAMILY = "1,2";
			};
			name = Release;
		};
/* End XCBuildConfiguration section */

/* Begin XCConfigurationList section */
		29AAD61629353A9A008C42FA /* Build configuration list for PBXProject "hw_table_view" */ = {
			isa = XCConfigurationList;
			buildConfigurations = (
				29AAD62D29353A9B008C42FA /* Debug */,
				29AAD62E29353A9B008C42FA /* Release */,
			);
			defaultConfigurationIsVisible = 0;
			defaultConfigurationName = Release;
		};
		29AAD62F29353A9B008C42FA /* Build configuration list for PBXNativeTarget "hw_table_view" */ = {
			isa = XCConfigurationList;
			buildConfigurations = (
				29AAD63029353A9B008C42FA /* Debug */,
				29AAD63129353A9B008C42FA /* Release */,
			);
			defaultConfigurationIsVisible = 0;
			defaultConfigurationName = Release;
		};
/* End XCConfigurationList section */
	};
	rootObject = 29AAD61329353A9A008C42FA /* Project object */;
}
