// !$*UTF8*$!
{
	archiveVersion = 1;
	classes = {
	};
	objectVersion = 55;
	objects = {

/* Begin PBXBuildFile section */
		29AAD57F2934C30D008C42FA /* AppDelegate.swift in Sources */ = {isa = PBXBuildFile; fileRef = 29AAD57E2934C30D008C42FA /* AppDelegate.swift */; };
		29AAD5812934C30D008C42FA /* SceneDelegate.swift in Sources */ = {isa = PBXBuildFile; fileRef = 29AAD5802934C30D008C42FA /* SceneDelegate.swift */; };
		29AAD5832934C30D008C42FA /* RedVC.swift in Sources */ = {isa = PBXBuildFile; fileRef = 29AAD5822934C30D008C42FA /* RedVC.swift */; };
		29AAD5862934C30D008C42FA /* Main.storyboard in Resources */ = {isa = PBXBuildFile; fileRef = 29AAD5842934C30D008C42FA /* Main.storyboard */; };
		29AAD5882934C30F008C42FA /* Assets.xcassets in Resources */ = {isa = PBXBuildFile; fileRef = 29AAD5872934C30F008C42FA /* Assets.xcassets */; };
		29AAD58B2934C30F008C42FA /* LaunchScreen.storyboard in Resources */ = {isa = PBXBuildFile; fileRef = 29AAD5892934C30F008C42FA /* LaunchScreen.storyboard */; };
		29AAD5932934C34A008C42FA /* YellowVC.swift in Sources */ = {isa = PBXBuildFile; fileRef = 29AAD5922934C34A008C42FA /* YellowVC.swift */; };
		29AAD5952934C5B1008C42FA /* UIVC+init.swift in Sources */ = {isa = PBXBuildFile; fileRef = 29AAD5942934C5B1008C42FA /* UIVC+init.swift */; };
		29AAD5972934C8EE008C42FA /* GreenVC.swift in Sources */ = {isa = PBXBuildFile; fileRef = 29AAD5962934C8EE008C42FA /* GreenVC.swift */; };
		29AAD5992934CB54008C42FA /* BlueVC.swift in Sources */ = {isa = PBXBuildFile; fileRef = 29AAD5982934CB54008C42FA /* BlueVC.swift */; };
		29AAD59B2934CBBE008C42FA /* PurpleVC.swift in Sources */ = {isa = PBXBuildFile; fileRef = 29AAD59A2934CBBE008C42FA /* PurpleVC.swift */; };
		29AAD59D2934CCD8008C42FA /* GrayVC.swift in Sources */ = {isa = PBXBuildFile; fileRef = 29AAD59C2934CCD8008C42FA /* GrayVC.swift */; };
		29AAD59F2934D751008C42FA /* ColorTabbarVC.swift in Sources */ = {isa = PBXBuildFile; fileRef = 29AAD59E2934D751008C42FA /* ColorTabbarVC.swift */; };
/* End PBXBuildFile section */

/* Begin PBXFileReference section */
		29AAD57B2934C30D008C42FA /* navigation_controllers_bycode.app */ = {isa = PBXFileReference; explicitFileType = wrapper.application; includeInIndex = 0; path = navigation_controllers_bycode.app; sourceTree = BUILT_PRODUCTS_DIR; };
		29AAD57E2934C30D008C42FA /* AppDelegate.swift */ = {isa = PBXFileReference; lastKnownFileType = sourcecode.swift; path = AppDelegate.swift; sourceTree = "<group>"; };
		29AAD5802934C30D008C42FA /* SceneDelegate.swift */ = {isa = PBXFileReference; lastKnownFileType = sourcecode.swift; path = SceneDelegate.swift; sourceTree = "<group>"; };
		29AAD5822934C30D008C42FA /* RedVC.swift */ = {isa = PBXFileReference; lastKnownFileType = sourcecode.swift; path = RedVC.swift; sourceTree = "<group>"; };
		29AAD5852934C30D008C42FA /* Base */ = {isa = PBXFileReference; lastKnownFileType = file.storyboard; name = Base; path = Base.lproj/Main.storyboard; sourceTree = "<group>"; };
		29AAD5872934C30F008C42FA /* Assets.xcassets */ = {isa = PBXFileReference; lastKnownFileType = folder.assetcatalog; path = Assets.xcassets; sourceTree = "<group>"; };
		29AAD58A2934C30F008C42FA /* Base */ = {isa = PBXFileReference; lastKnownFileType = file.storyboard; name = Base; path = Base.lproj/LaunchScreen.storyboard; sourceTree = "<group>"; };
		29AAD58C2934C30F008C42FA /* Info.plist */ = {isa = PBXFileReference; lastKnownFileType = text.plist.xml; path = Info.plist; sourceTree = "<group>"; };
		29AAD5922934C34A008C42FA /* YellowVC.swift */ = {isa = PBXFileReference; lastKnownFileType = sourcecode.swift; path = YellowVC.swift; sourceTree = "<group>"; };
		29AAD5942934C5B1008C42FA /* UIVC+init.swift */ = {isa = PBXFileReference; lastKnownFileType = sourcecode.swift; path = "UIVC+init.swift"; sourceTree = "<group>"; };
		29AAD5962934C8EE008C42FA /* GreenVC.swift */ = {isa = PBXFileReference; lastKnownFileType = sourcecode.swift; path = GreenVC.swift; sourceTree = "<group>"; };
		29AAD5982934CB54008C42FA /* BlueVC.swift */ = {isa = PBXFileReference; lastKnownFileType = sourcecode.swift; path = BlueVC.swift; sourceTree = "<group>"; };
		29AAD59A2934CBBE008C42FA /* PurpleVC.swift */ = {isa = PBXFileReference; lastKnownFileType = sourcecode.swift; path = PurpleVC.swift; sourceTree = "<group>"; };
		29AAD59C2934CCD8008C42FA /* GrayVC.swift */ = {isa = PBXFileReference; lastKnownFileType = sourcecode.swift; path = GrayVC.swift; sourceTree = "<group>"; };
		29AAD59E2934D751008C42FA /* ColorTabbarVC.swift */ = {isa = PBXFileReference; lastKnownFileType = sourcecode.swift; path = ColorTabbarVC.swift; sourceTree = "<group>"; };
/* End PBXFileReference section */

/* Begin PBXFrameworksBuildPhase section */
		29AAD5782934C30D008C42FA /* Frameworks */ = {
			isa = PBXFrameworksBuildPhase;
			buildActionMask = 2147483647;
			files = (
			);
			runOnlyForDeploymentPostprocessing = 0;
		};
/* End PBXFrameworksBuildPhase section */

/* Begin PBXGroup section */
		29AAD5722934C30D008C42FA = {
			isa = PBXGroup;
			children = (
				29AAD57D2934C30D008C42FA /* navigation_controllers_bycode */,
				29AAD57C2934C30D008C42FA /* Products */,
			);
			sourceTree = "<group>";
		};
		29AAD57C2934C30D008C42FA /* Products */ = {
			isa = PBXGroup;
			children = (
				29AAD57B2934C30D008C42FA /* navigation_controllers_bycode.app */,
			);
			name = Products;
			sourceTree = "<group>";
		};
		29AAD57D2934C30D008C42FA /* navigation_controllers_bycode */ = {
			isa = PBXGroup;
			children = (
				29AAD57E2934C30D008C42FA /* AppDelegate.swift */,
				29AAD5802934C30D008C42FA /* SceneDelegate.swift */,
				29AAD5842934C30D008C42FA /* Main.storyboard */,
				29AAD5872934C30F008C42FA /* Assets.xcassets */,
				29AAD5892934C30F008C42FA /* LaunchScreen.storyboard */,
				29AAD58C2934C30F008C42FA /* Info.plist */,
				29AAD5942934C5B1008C42FA /* UIVC+init.swift */,
				29AAD5822934C30D008C42FA /* RedVC.swift */,
				29AAD5922934C34A008C42FA /* YellowVC.swift */,
				29AAD5962934C8EE008C42FA /* GreenVC.swift */,
				29AAD5982934CB54008C42FA /* BlueVC.swift */,
				29AAD59A2934CBBE008C42FA /* PurpleVC.swift */,
				29AAD59C2934CCD8008C42FA /* GrayVC.swift */,
				29AAD59E2934D751008C42FA /* ColorTabbarVC.swift */,
			);
			path = navigation_controllers_bycode;
			sourceTree = "<group>";
		};
/* End PBXGroup section */

/* Begin PBXNativeTarget section */
		29AAD57A2934C30D008C42FA /* navigation_controllers_bycode */ = {
			isa = PBXNativeTarget;
			buildConfigurationList = 29AAD58F2934C30F008C42FA /* Build configuration list for PBXNativeTarget "navigation_controllers_bycode" */;
			buildPhases = (
				29AAD5772934C30D008C42FA /* Sources */,
				29AAD5782934C30D008C42FA /* Frameworks */,
				29AAD5792934C30D008C42FA /* Resources */,
			);
			buildRules = (
			);
			dependencies = (
			);
			name = navigation_controllers_bycode;
			productName = navigation_controllers_bycode;
			productReference = 29AAD57B2934C30D008C42FA /* navigation_controllers_bycode.app */;
			productType = "com.apple.product-type.application";
		};
/* End PBXNativeTarget section */

/* Begin PBXProject section */
		29AAD5732934C30D008C42FA /* Project object */ = {
			isa = PBXProject;
			attributes = {
				BuildIndependentTargetsInParallel = 1;
				LastSwiftUpdateCheck = 1340;
				LastUpgradeCheck = 1340;
				TargetAttributes = {
					29AAD57A2934C30D008C42FA = {
						CreatedOnToolsVersion = 13.4.1;
					};
				};
			};
			buildConfigurationList = 29AAD5762934C30D008C42FA /* Build configuration list for PBXProject "navigation_controllers_bycode" */;
			compatibilityVersion = "Xcode 13.0";
			developmentRegion = en;
			hasScannedForEncodings = 0;
			knownRegions = (
				en,
				Base,
			);
			mainGroup = 29AAD5722934C30D008C42FA;
			productRefGroup = 29AAD57C2934C30D008C42FA /* Products */;
			projectDirPath = "";
			projectRoot = "";
			targets = (
				29AAD57A2934C30D008C42FA /* navigation_controllers_bycode */,
			);
		};
/* End PBXProject section */

/* Begin PBXResourcesBuildPhase section */
		29AAD5792934C30D008C42FA /* Resources */ = {
			isa = PBXResourcesBuildPhase;
			buildActionMask = 2147483647;
			files = (
				29AAD58B2934C30F008C42FA /* LaunchScreen.storyboard in Resources */,
				29AAD5882934C30F008C42FA /* Assets.xcassets in Resources */,
				29AAD5862934C30D008C42FA /* Main.storyboard in Resources */,
			);
			runOnlyForDeploymentPostprocessing = 0;
		};
/* End PBXResourcesBuildPhase section */

/* Begin PBXSourcesBuildPhase section */
		29AAD5772934C30D008C42FA /* Sources */ = {
			isa = PBXSourcesBuildPhase;
			buildActionMask = 2147483647;
			files = (
				29AAD5972934C8EE008C42FA /* GreenVC.swift in Sources */,
				29AAD59D2934CCD8008C42FA /* GrayVC.swift in Sources */,
				29AAD5832934C30D008C42FA /* RedVC.swift in Sources */,
				29AAD59B2934CBBE008C42FA /* PurpleVC.swift in Sources */,
				29AAD57F2934C30D008C42FA /* AppDelegate.swift in Sources */,
				29AAD5932934C34A008C42FA /* YellowVC.swift in Sources */,
				29AAD59F2934D751008C42FA /* ColorTabbarVC.swift in Sources */,
				29AAD5952934C5B1008C42FA /* UIVC+init.swift in Sources */,
				29AAD5812934C30D008C42FA /* SceneDelegate.swift in Sources */,
				29AAD5992934CB54008C42FA /* BlueVC.swift in Sources */,
			);
			runOnlyForDeploymentPostprocessing = 0;
		};
/* End PBXSourcesBuildPhase section */

/* Begin PBXVariantGroup section */
		29AAD5842934C30D008C42FA /* Main.storyboard */ = {
			isa = PBXVariantGroup;
			children = (
				29AAD5852934C30D008C42FA /* Base */,
			);
			name = Main.storyboard;
			sourceTree = "<group>";
		};
		29AAD5892934C30F008C42FA /* LaunchScreen.storyboard */ = {
			isa = PBXVariantGroup;
			children = (
				29AAD58A2934C30F008C42FA /* Base */,
			);
			name = LaunchScreen.storyboard;
			sourceTree = "<group>";
		};
/* End PBXVariantGroup section */

/* Begin XCBuildConfiguration section */
		29AAD58D2934C30F008C42FA /* Debug */ = {
			isa = XCBuildConfiguration;
			buildSettings = {
				ALWAYS_SEARCH_USER_PATHS = NO;
				CLANG_ANALYZER_NONNULL = YES;
				CLANG_ANALYZER_NUMBER_OBJECT_CONVERSION = YES_AGGRESSIVE;
				CLANG_CXX_LANGUAGE_STANDARD = "gnu++17";
				CLANG_ENABLE_MODULES = YES;
				CLANG_ENABLE_OBJC_ARC = YES;
				CLANG_ENABLE_OBJC_WEAK = YES;
				CLANG_WARN_BLOCK_CAPTURE_AUTORELEASING = YES;
				CLANG_WARN_BOOL_CONVERSION = YES;
				CLANG_WARN_COMMA = YES;
				CLANG_WARN_CONSTANT_CONVERSION = YES;
				CLANG_WARN_DEPRECATED_OBJC_IMPLEMENTATIONS = YES;
				CLANG_WARN_DIRECT_OBJC_ISA_USAGE = YES_ERROR;
				CLANG_WARN_DOCUMENTATION_COMMENTS = YES;
				CLANG_WARN_EMPTY_BODY = YES;
				CLANG_WARN_ENUM_CONVERSION = YES;
				CLANG_WARN_INFINITE_RECURSION = YES;
				CLANG_WARN_INT_CONVERSION = YES;
				CLANG_WARN_NON_LITERAL_NULL_CONVERSION = YES;
				CLANG_WARN_OBJC_IMPLICIT_RETAIN_SELF = YES;
				CLANG_WARN_OBJC_LITERAL_CONVERSION = YES;
				CLANG_WARN_OBJC_ROOT_CLASS = YES_ERROR;
				CLANG_WARN_QUOTED_INCLUDE_IN_FRAMEWORK_HEADER = YES;
				CLANG_WARN_RANGE_LOOP_ANALYSIS = YES;
				CLANG_WARN_STRICT_PROTOTYPES = YES;
				CLANG_WARN_SUSPICIOUS_MOVE = YES;
				CLANG_WARN_UNGUARDED_AVAILABILITY = YES_AGGRESSIVE;
				CLANG_WARN_UNREACHABLE_CODE = YES;
				CLANG_WARN__DUPLICATE_METHOD_MATCH = YES;
				COPY_PHASE_STRIP = NO;
				DEBUG_INFORMATION_FORMAT = dwarf;
				ENABLE_STRICT_OBJC_MSGSEND = YES;
				ENABLE_TESTABILITY = YES;
				GCC_C_LANGUAGE_STANDARD = gnu11;
				GCC_DYNAMIC_NO_PIC = NO;
				GCC_NO_COMMON_BLOCKS = YES;
				GCC_OPTIMIZATION_LEVEL = 0;
				GCC_PREPROCESSOR_DEFINITIONS = (
					"DEBUG=1",
					"$(inherited)",
				);
				GCC_WARN_64_TO_32_BIT_CONVERSION = YES;
				GCC_WARN_ABOUT_RETURN_TYPE = YES_ERROR;
				GCC_WARN_UNDECLARED_SELECTOR = YES;
				GCC_WARN_UNINITIALIZED_AUTOS = YES_AGGRESSIVE;
				GCC_WARN_UNUSED_FUNCTION = YES;
				GCC_WARN_UNUSED_VARIABLE = YES;
				IPHONEOS_DEPLOYMENT_TARGET = 15.5;
				MTL_ENABLE_DEBUG_INFO = INCLUDE_SOURCE;
				MTL_FAST_MATH = YES;
				ONLY_ACTIVE_ARCH = YES;
				SDKROOT = iphoneos;
				SWIFT_ACTIVE_COMPILATION_CONDITIONS = DEBUG;
				SWIFT_OPTIMIZATION_LEVEL = "-Onone";
			};
			name = Debug;
		};
		29AAD58E2934C30F008C42FA /* Release */ = {
			isa = XCBuildConfiguration;
			buildSettings = {
				ALWAYS_SEARCH_USER_PATHS = NO;
				CLANG_ANALYZER_NONNULL = YES;
				CLANG_ANALYZER_NUMBER_OBJECT_CONVERSION = YES_AGGRESSIVE;
				CLANG_CXX_LANGUAGE_STANDARD = "gnu++17";
				CLANG_ENABLE_MODULES = YES;
				CLANG_ENABLE_OBJC_ARC = YES;
				CLANG_ENABLE_OBJC_WEAK = YES;
				CLANG_WARN_BLOCK_CAPTURE_AUTORELEASING = YES;
				CLANG_WARN_BOOL_CONVERSION = YES;
				CLANG_WARN_COMMA = YES;
				CLANG_WARN_CONSTANT_CONVERSION = YES;
				CLANG_WARN_DEPRECATED_OBJC_IMPLEMENTATIONS = YES;
				CLANG_WARN_DIRECT_OBJC_ISA_USAGE = YES_ERROR;
				CLANG_WARN_DOCUMENTATION_COMMENTS = YES;
				CLANG_WARN_EMPTY_BODY = YES;
				CLANG_WARN_ENUM_CONVERSION = YES;
				CLANG_WARN_INFINITE_RECURSION = YES;
				CLANG_WARN_INT_CONVERSION = YES;
				CLANG_WARN_NON_LITERAL_NULL_CONVERSION = YES;
				CLANG_WARN_OBJC_IMPLICIT_RETAIN_SELF = YES;
				CLANG_WARN_OBJC_LITERAL_CONVERSION = YES;
				CLANG_WARN_OBJC_ROOT_CLASS = YES_ERROR;
				CLANG_WARN_QUOTED_INCLUDE_IN_FRAMEWORK_HEADER = YES;
				CLANG_WARN_RANGE_LOOP_ANALYSIS = YES;
				CLANG_WARN_STRICT_PROTOTYPES = YES;
				CLANG_WARN_SUSPICIOUS_MOVE = YES;
				CLANG_WARN_UNGUARDED_AVAILABILITY = YES_AGGRESSIVE;
				CLANG_WARN_UNREACHABLE_CODE = YES;
				CLANG_WARN__DUPLICATE_METHOD_MATCH = YES;
				COPY_PHASE_STRIP = NO;
				DEBUG_INFORMATION_FORMAT = "dwarf-with-dsym";
				ENABLE_NS_ASSERTIONS = NO;
				ENABLE_STRICT_OBJC_MSGSEND = YES;
				GCC_C_LANGUAGE_STANDARD = gnu11;
				GCC_NO_COMMON_BLOCKS = YES;
				GCC_WARN_64_TO_32_BIT_CONVERSION = YES;
				GCC_WARN_ABOUT_RETURN_TYPE = YES_ERROR;
				GCC_WARN_UNDECLARED_SELECTOR = YES;
				GCC_WARN_UNINITIALIZED_AUTOS = YES_AGGRESSIVE;
				GCC_WARN_UNUSED_FUNCTION = YES;
				GCC_WARN_UNUSED_VARIABLE = YES;
				IPHONEOS_DEPLOYMENT_TARGET = 15.5;
				MTL_ENABLE_DEBUG_INFO = NO;
				MTL_FAST_MATH = YES;
				SDKROOT = iphoneos;
				SWIFT_COMPILATION_MODE = wholemodule;
				SWIFT_OPTIMIZATION_LEVEL = "-O";
				VALIDATE_PRODUCT = YES;
			};
			name = Release;
		};
		29AAD5902934C30F008C42FA /* Debug */ = {
			isa = XCBuildConfiguration;
			buildSettings = {
				ASSETCATALOG_COMPILER_APPICON_NAME = AppIcon;
				ASSETCATALOG_COMPILER_GLOBAL_ACCENT_COLOR_NAME = AccentColor;
				CODE_SIGN_STYLE = Automatic;
				CURRENT_PROJECT_VERSION = 1;
				DEVELOPMENT_TEAM = 6774H7NM62;
				GENERATE_INFOPLIST_FILE = YES;
				INFOPLIST_FILE = navigation_controllers_bycode/Info.plist;
				INFOPLIST_KEY_UIApplicationSupportsIndirectInputEvents = YES;
				INFOPLIST_KEY_UILaunchStoryboardName = LaunchScreen;
				INFOPLIST_KEY_UIMainStoryboardFile = Main;
				INFOPLIST_KEY_UISupportedInterfaceOrientations_iPad = "UIInterfaceOrientationPortrait UIInterfaceOrientationPortraitUpsideDown UIInterfaceOrientationLandscapeLeft UIInterfaceOrientationLandscapeRight";
				INFOPLIST_KEY_UISupportedInterfaceOrientations_iPhone = "UIInterfaceOrientationPortrait UIInterfaceOrientationLandscapeLeft UIInterfaceOrientationLandscapeRight";
				LD_RUNPATH_SEARCH_PATHS = (
					"$(inherited)",
					"@executable_path/Frameworks",
				);
				MARKETING_VERSION = 1.0;
				PRODUCT_BUNDLE_IDENTIFIER = "com.navigation-controllers-bycode";
				PRODUCT_NAME = "$(TARGET_NAME)";
				SWIFT_EMIT_LOC_STRINGS = YES;
				SWIFT_VERSION = 5.0;
				TARGETED_DEVICE_FAMILY = "1,2";
			};
			name = Debug;
		};
		29AAD5912934C30F008C42FA /* Release */ = {
			isa = XCBuildConfiguration;
			buildSettings = {
				ASSETCATALOG_COMPILER_APPICON_NAME = AppIcon;
				ASSETCATALOG_COMPILER_GLOBAL_ACCENT_COLOR_NAME = AccentColor;
				CODE_SIGN_STYLE = Automatic;
				CURRENT_PROJECT_VERSION = 1;
				DEVELOPMENT_TEAM = 6774H7NM62;
				GENERATE_INFOPLIST_FILE = YES;
				INFOPLIST_FILE = navigation_controllers_bycode/Info.plist;
				INFOPLIST_KEY_UIApplicationSupportsIndirectInputEvents = YES;
				INFOPLIST_KEY_UILaunchStoryboardName = LaunchScreen;
				INFOPLIST_KEY_UIMainStoryboardFile = Main;
				INFOPLIST_KEY_UISupportedInterfaceOrientations_iPad = "UIInterfaceOrientationPortrait UIInterfaceOrientationPortraitUpsideDown UIInterfaceOrientationLandscapeLeft UIInterfaceOrientationLandscapeRight";
				INFOPLIST_KEY_UISupportedInterfaceOrientations_iPhone = "UIInterfaceOrientationPortrait UIInterfaceOrientationLandscapeLeft UIInterfaceOrientationLandscapeRight";
				LD_RUNPATH_SEARCH_PATHS = (
					"$(inherited)",
					"@executable_path/Frameworks",
				);
				MARKETING_VERSION = 1.0;
				PRODUCT_BUNDLE_IDENTIFIER = "com.navigation-controllers-bycode";
				PRODUCT_NAME = "$(TARGET_NAME)";
				SWIFT_EMIT_LOC_STRINGS = YES;
				SWIFT_VERSION = 5.0;
				TARGETED_DEVICE_FAMILY = "1,2";
			};
			name = Release;
		};
/* End XCBuildConfiguration section */

/* Begin XCConfigurationList section */
		29AAD5762934C30D008C42FA /* Build configuration list for PBXProject "navigation_controllers_bycode" */ = {
			isa = XCConfigurationList;
			buildConfigurations = (
				29AAD58D2934C30F008C42FA /* Debug */,
				29AAD58E2934C30F008C42FA /* Release */,
			);
			defaultConfigurationIsVisible = 0;
			defaultConfigurationName = Release;
		};
		29AAD58F2934C30F008C42FA /* Build configuration list for PBXNativeTarget "navigation_controllers_bycode" */ = {
			isa = XCConfigurationList;
			buildConfigurations = (
				29AAD5902934C30F008C42FA /* Debug */,
				29AAD5912934C30F008C42FA /* Release */,
			);
			defaultConfigurationIsVisible = 0;
			defaultConfigurationName = Release;
		};
/* End XCConfigurationList section */
	};
	rootObject = 29AAD5732934C30D008C42FA /* Project object */;
}
