// !$*UTF8*$!
{
	archiveVersion = 1;
	classes = {
	};
	objectVersion = 55;
	objects = {

/* Begin PBXBuildFile section */
		29457470293A030F00D96439 /* AppDelegate.swift in Sources */ = {isa = PBXBuildFile; fileRef = 2945746F293A030F00D96439 /* AppDelegate.swift */; };
		29457472293A030F00D96439 /* SceneDelegate.swift in Sources */ = {isa = PBXBuildFile; fileRef = 29457471293A030F00D96439 /* SceneDelegate.swift */; };
		29457474293A030F00D96439 /* ViewController.swift in Sources */ = {isa = PBXBuildFile; fileRef = 29457473293A030F00D96439 /* ViewController.swift */; };
		29457477293A030F00D96439 /* Main.storyboard in Resources */ = {isa = PBXBuildFile; fileRef = 29457475293A030F00D96439 /* Main.storyboard */; };
		29457479293A031000D96439 /* Assets.xcassets in Resources */ = {isa = PBXBuildFile; fileRef = 29457478293A031000D96439 /* Assets.xcassets */; };
		2945747C293A031000D96439 /* LaunchScreen.storyboard in Resources */ = {isa = PBXBuildFile; fileRef = 2945747A293A031000D96439 /* LaunchScreen.storyboard */; };
		29457486293A0A1000D96439 /* PlantCell.swift in Sources */ = {isa = PBXBuildFile; fileRef = 29457485293A0A1000D96439 /* PlantCell.swift */; };
		29457488293A113D00D96439 /* CollectionViewHelper.swift in Sources */ = {isa = PBXBuildFile; fileRef = 29457487293A113D00D96439 /* CollectionViewHelper.swift */; };
		2945748C293A149400D96439 /* PlantCell.xib in Resources */ = {isa = PBXBuildFile; fileRef = 2945748B293A149400D96439 /* PlantCell.xib */; };
		2945748E293A15EF00D96439 /* Collecttion+Extesion.swift in Sources */ = {isa = PBXBuildFile; fileRef = 2945748D293A15EF00D96439 /* Collecttion+Extesion.swift */; };
		29457490293A2D0500D96439 /* PlantStruct.swift in Sources */ = {isa = PBXBuildFile; fileRef = 2945748F293A2D0500D96439 /* PlantStruct.swift */; };
/* End PBXBuildFile section */

/* Begin PBXFileReference section */
		2945746C293A030F00D96439 /* hw_Collection_view.app */ = {isa = PBXFileReference; explicitFileType = wrapper.application; includeInIndex = 0; path = hw_Collection_view.app; sourceTree = BUILT_PRODUCTS_DIR; };
		2945746F293A030F00D96439 /* AppDelegate.swift */ = {isa = PBXFileReference; lastKnownFileType = sourcecode.swift; path = AppDelegate.swift; sourceTree = "<group>"; };
		29457471293A030F00D96439 /* SceneDelegate.swift */ = {isa = PBXFileReference; lastKnownFileType = sourcecode.swift; path = SceneDelegate.swift; sourceTree = "<group>"; };
		29457473293A030F00D96439 /* ViewController.swift */ = {isa = PBXFileReference; lastKnownFileType = sourcecode.swift; path = ViewController.swift; sourceTree = "<group>"; };
		29457476293A030F00D96439 /* Base */ = {isa = PBXFileReference; lastKnownFileType = file.storyboard; name = Base; path = Base.lproj/Main.storyboard; sourceTree = "<group>"; };
		29457478293A031000D96439 /* Assets.xcassets */ = {isa = PBXFileReference; lastKnownFileType = folder.assetcatalog; path = Assets.xcassets; sourceTree = "<group>"; };
		2945747B293A031000D96439 /* Base */ = {isa = PBXFileReference; lastKnownFileType = file.storyboard; name = Base; path = Base.lproj/LaunchScreen.storyboard; sourceTree = "<group>"; };
		2945747D293A031000D96439 /* Info.plist */ = {isa = PBXFileReference; lastKnownFileType = text.plist.xml; path = Info.plist; sourceTree = "<group>"; };
		29457485293A0A1000D96439 /* PlantCell.swift */ = {isa = PBXFileReference; lastKnownFileType = sourcecode.swift; path = PlantCell.swift; sourceTree = "<group>"; };
		29457487293A113D00D96439 /* CollectionViewHelper.swift */ = {isa = PBXFileReference; lastKnownFileType = sourcecode.swift; path = CollectionViewHelper.swift; sourceTree = "<group>"; };
		2945748B293A149400D96439 /* PlantCell.xib */ = {isa = PBXFileReference; lastKnownFileType = file.xib; path = PlantCell.xib; sourceTree = "<group>"; };
		2945748D293A15EF00D96439 /* Collecttion+Extesion.swift */ = {isa = PBXFileReference; lastKnownFileType = sourcecode.swift; path = "Collecttion+Extesion.swift"; sourceTree = "<group>"; };
		2945748F293A2D0500D96439 /* PlantStruct.swift */ = {isa = PBXFileReference; lastKnownFileType = sourcecode.swift; path = PlantStruct.swift; sourceTree = "<group>"; };
/* End PBXFileReference section */

/* Begin PBXFrameworksBuildPhase section */
		29457469293A030F00D96439 /* Frameworks */ = {
			isa = PBXFrameworksBuildPhase;
			buildActionMask = 2147483647;
			files = (
			);
			runOnlyForDeploymentPostprocessing = 0;
		};
/* End PBXFrameworksBuildPhase section */

/* Begin PBXGroup section */
		29457463293A030F00D96439 = {
			isa = PBXGroup;
			children = (
				2945746E293A030F00D96439 /* hw_Collection_view */,
				2945746D293A030F00D96439 /* Products */,
			);
			sourceTree = "<group>";
		};
		2945746D293A030F00D96439 /* Products */ = {
			isa = PBXGroup;
			children = (
				2945746C293A030F00D96439 /* hw_Collection_view.app */,
			);
			name = Products;
			sourceTree = "<group>";
		};
		2945746E293A030F00D96439 /* hw_Collection_view */ = {
			isa = PBXGroup;
			children = (
				2945746F293A030F00D96439 /* AppDelegate.swift */,
				29457471293A030F00D96439 /* SceneDelegate.swift */,
				29457473293A030F00D96439 /* ViewController.swift */,
				29457487293A113D00D96439 /* CollectionViewHelper.swift */,
				2945748D293A15EF00D96439 /* Collecttion+Extesion.swift */,
				29457485293A0A1000D96439 /* PlantCell.swift */,
				2945748F293A2D0500D96439 /* PlantStruct.swift */,
				29457475293A030F00D96439 /* Main.storyboard */,
				2945748B293A149400D96439 /* PlantCell.xib */,
				29457478293A031000D96439 /* Assets.xcassets */,
				2945747A293A031000D96439 /* LaunchScreen.storyboard */,
				2945747D293A031000D96439 /* Info.plist */,
			);
			path = hw_Collection_view;
			sourceTree = "<group>";
		};
/* End PBXGroup section */

/* Begin PBXNativeTarget section */
		2945746B293A030F00D96439 /* hw_Collection_view */ = {
			isa = PBXNativeTarget;
			buildConfigurationList = 29457480293A031000D96439 /* Build configuration list for PBXNativeTarget "hw_Collection_view" */;
			buildPhases = (
				29457468293A030F00D96439 /* Sources */,
				29457469293A030F00D96439 /* Frameworks */,
				2945746A293A030F00D96439 /* Resources */,
			);
			buildRules = (
			);
			dependencies = (
			);
			name = hw_Collection_view;
			productName = hw_Collection_view;
			productReference = 2945746C293A030F00D96439 /* hw_Collection_view.app */;
			productType = "com.apple.product-type.application";
		};
/* End PBXNativeTarget section */

/* Begin PBXProject section */
		29457464293A030F00D96439 /* Project object */ = {
			isa = PBXProject;
			attributes = {
				BuildIndependentTargetsInParallel = 1;
				LastSwiftUpdateCheck = 1340;
				LastUpgradeCheck = 1340;
				TargetAttributes = {
					2945746B293A030F00D96439 = {
						CreatedOnToolsVersion = 13.4.1;
					};
				};
			};
			buildConfigurationList = 29457467293A030F00D96439 /* Build configuration list for PBXProject "hw_Collection_view" */;
			compatibilityVersion = "Xcode 13.0";
			developmentRegion = en;
			hasScannedForEncodings = 0;
			knownRegions = (
				en,
				Base,
			);
			mainGroup = 29457463293A030F00D96439;
			productRefGroup = 2945746D293A030F00D96439 /* Products */;
			projectDirPath = "";
			projectRoot = "";
			targets = (
				2945746B293A030F00D96439 /* hw_Collection_view */,
			);
		};
/* End PBXProject section */

/* Begin PBXResourcesBuildPhase section */
		2945746A293A030F00D96439 /* Resources */ = {
			isa = PBXResourcesBuildPhase;
			buildActionMask = 2147483647;
			files = (
				2945747C293A031000D96439 /* LaunchScreen.storyboard in Resources */,
				2945748C293A149400D96439 /* PlantCell.xib in Resources */,
				29457479293A031000D96439 /* Assets.xcassets in Resources */,
				29457477293A030F00D96439 /* Main.storyboard in Resources */,
			);
			runOnlyForDeploymentPostprocessing = 0;
		};
/* End PBXResourcesBuildPhase section */

/* Begin PBXSourcesBuildPhase section */
		29457468293A030F00D96439 /* Sources */ = {
			isa = PBXSourcesBuildPhase;
			buildActionMask = 2147483647;
			files = (
				29457474293A030F00D96439 /* ViewController.swift in Sources */,
				29457486293A0A1000D96439 /* PlantCell.swift in Sources */,
				29457490293A2D0500D96439 /* PlantStruct.swift in Sources */,
				29457488293A113D00D96439 /* CollectionViewHelper.swift in Sources */,
				29457470293A030F00D96439 /* AppDelegate.swift in Sources */,
				29457472293A030F00D96439 /* SceneDelegate.swift in Sources */,
				2945748E293A15EF00D96439 /* Collecttion+Extesion.swift in Sources */,
			);
			runOnlyForDeploymentPostprocessing = 0;
		};
/* End PBXSourcesBuildPhase section */

/* Begin PBXVariantGroup section */
		29457475293A030F00D96439 /* Main.storyboard */ = {
			isa = PBXVariantGroup;
			children = (
				29457476293A030F00D96439 /* Base */,
			);
			name = Main.storyboard;
			sourceTree = "<group>";
		};
		2945747A293A031000D96439 /* LaunchScreen.storyboard */ = {
			isa = PBXVariantGroup;
			children = (
				2945747B293A031000D96439 /* Base */,
			);
			name = LaunchScreen.storyboard;
			sourceTree = "<group>";
		};
/* End PBXVariantGroup section */

/* Begin XCBuildConfiguration section */
		2945747E293A031000D96439 /* Debug */ = {
			isa = XCBuildConfiguration;
			buildSettings = {
				ALWAYS_SEARCH_USER_PATHS = NO;
				CLANG_ANALYZER_NONNULL = YES;
				CLANG_ANALYZER_NUMBER_OBJECT_CONVERSION = YES_AGGRESSIVE;
				CLANG_CXX_LANGUAGE_STANDARD = "gnu++17";
				CLANG_ENABLE_MODULES = YES;
				CLANG_ENABLE_OBJC_ARC = YES;
				CLANG_ENABLE_OBJC_WEAK = YES;
				CLANG_WARN_BLOCK_CAPTURE_AUTORELEASING = YES;
				CLANG_WARN_BOOL_CONVERSION = YES;
				CLANG_WARN_COMMA = YES;
				CLANG_WARN_CONSTANT_CONVERSION = YES;
				CLANG_WARN_DEPRECATED_OBJC_IMPLEMENTATIONS = YES;
				CLANG_WARN_DIRECT_OBJC_ISA_USAGE = YES_ERROR;
				CLANG_WARN_DOCUMENTATION_COMMENTS = YES;
				CLANG_WARN_EMPTY_BODY = YES;
				CLANG_WARN_ENUM_CONVERSION = YES;
				CLANG_WARN_INFINITE_RECURSION = YES;
				CLANG_WARN_INT_CONVERSION = YES;
				CLANG_WARN_NON_LITERAL_NULL_CONVERSION = YES;
				CLANG_WARN_OBJC_IMPLICIT_RETAIN_SELF = YES;
				CLANG_WARN_OBJC_LITERAL_CONVERSION = YES;
				CLANG_WARN_OBJC_ROOT_CLASS = YES_ERROR;
				CLANG_WARN_QUOTED_INCLUDE_IN_FRAMEWORK_HEADER = YES;
				CLANG_WARN_RANGE_LOOP_ANALYSIS = YES;
				CLANG_WARN_STRICT_PROTOTYPES = YES;
				CLANG_WARN_SUSPICIOUS_MOVE = YES;
				CLANG_WARN_UNGUARDED_AVAILABILITY = YES_AGGRESSIVE;
				CLANG_WARN_UNREACHABLE_CODE = YES;
				CLANG_WARN__DUPLICATE_METHOD_MATCH = YES;
				COPY_PHASE_STRIP = NO;
				DEBUG_INFORMATION_FORMAT = dwarf;
				ENABLE_STRICT_OBJC_MSGSEND = YES;
				ENABLE_TESTABILITY = YES;
				GCC_C_LANGUAGE_STANDARD = gnu11;
				GCC_DYNAMIC_NO_PIC = NO;
				GCC_NO_COMMON_BLOCKS = YES;
				GCC_OPTIMIZATION_LEVEL = 0;
				GCC_PREPROCESSOR_DEFINITIONS = (
					"DEBUG=1",
					"$(inherited)",
				);
				GCC_WARN_64_TO_32_BIT_CONVERSION = YES;
				GCC_WARN_ABOUT_RETURN_TYPE = YES_ERROR;
				GCC_WARN_UNDECLARED_SELECTOR = YES;
				GCC_WARN_UNINITIALIZED_AUTOS = YES_AGGRESSIVE;
				GCC_WARN_UNUSED_FUNCTION = YES;
				GCC_WARN_UNUSED_VARIABLE = YES;
				IPHONEOS_DEPLOYMENT_TARGET = 15.5;
				MTL_ENABLE_DEBUG_INFO = INCLUDE_SOURCE;
				MTL_FAST_MATH = YES;
				ONLY_ACTIVE_ARCH = YES;
				SDKROOT = iphoneos;
				SWIFT_ACTIVE_COMPILATION_CONDITIONS = DEBUG;
				SWIFT_OPTIMIZATION_LEVEL = "-Onone";
			};
			name = Debug;
		};
		2945747F293A031000D96439 /* Release */ = {
			isa = XCBuildConfiguration;
			buildSettings = {
				ALWAYS_SEARCH_USER_PATHS = NO;
				CLANG_ANALYZER_NONNULL = YES;
				CLANG_ANALYZER_NUMBER_OBJECT_CONVERSION = YES_AGGRESSIVE;
				CLANG_CXX_LANGUAGE_STANDARD = "gnu++17";
				CLANG_ENABLE_MODULES = YES;
				CLANG_ENABLE_OBJC_ARC = YES;
				CLANG_ENABLE_OBJC_WEAK = YES;
				CLANG_WARN_BLOCK_CAPTURE_AUTORELEASING = YES;
				CLANG_WARN_BOOL_CONVERSION = YES;
				CLANG_WARN_COMMA = YES;
				CLANG_WARN_CONSTANT_CONVERSION = YES;
				CLANG_WARN_DEPRECATED_OBJC_IMPLEMENTATIONS = YES;
				CLANG_WARN_DIRECT_OBJC_ISA_USAGE = YES_ERROR;
				CLANG_WARN_DOCUMENTATION_COMMENTS = YES;
				CLANG_WARN_EMPTY_BODY = YES;
				CLANG_WARN_ENUM_CONVERSION = YES;
				CLANG_WARN_INFINITE_RECURSION = YES;
				CLANG_WARN_INT_CONVERSION = YES;
				CLANG_WARN_NON_LITERAL_NULL_CONVERSION = YES;
				CLANG_WARN_OBJC_IMPLICIT_RETAIN_SELF = YES;
				CLANG_WARN_OBJC_LITERAL_CONVERSION = YES;
				CLANG_WARN_OBJC_ROOT_CLASS = YES_ERROR;
				CLANG_WARN_QUOTED_INCLUDE_IN_FRAMEWORK_HEADER = YES;
				CLANG_WARN_RANGE_LOOP_ANALYSIS = YES;
				CLANG_WARN_STRICT_PROTOTYPES = YES;
				CLANG_WARN_SUSPICIOUS_MOVE = YES;
				CLANG_WARN_UNGUARDED_AVAILABILITY = YES_AGGRESSIVE;
				CLANG_WARN_UNREACHABLE_CODE = YES;
				CLANG_WARN__DUPLICATE_METHOD_MATCH = YES;
				COPY_PHASE_STRIP = NO;
				DEBUG_INFORMATION_FORMAT = "dwarf-with-dsym";
				ENABLE_NS_ASSERTIONS = NO;
				ENABLE_STRICT_OBJC_MSGSEND = YES;
				GCC_C_LANGUAGE_STANDARD = gnu11;
				GCC_NO_COMMON_BLOCKS = YES;
				GCC_WARN_64_TO_32_BIT_CONVERSION = YES;
				GCC_WARN_ABOUT_RETURN_TYPE = YES_ERROR;
				GCC_WARN_UNDECLARED_SELECTOR = YES;
				GCC_WARN_UNINITIALIZED_AUTOS = YES_AGGRESSIVE;
				GCC_WARN_UNUSED_FUNCTION = YES;
				GCC_WARN_UNUSED_VARIABLE = YES;
				IPHONEOS_DEPLOYMENT_TARGET = 15.5;
				MTL_ENABLE_DEBUG_INFO = NO;
				MTL_FAST_MATH = YES;
				SDKROOT = iphoneos;
				SWIFT_COMPILATION_MODE = wholemodule;
				SWIFT_OPTIMIZATION_LEVEL = "-O";
				VALIDATE_PRODUCT = YES;
			};
			name = Release;
		};
		29457481293A031000D96439 /* Debug */ = {
			isa = XCBuildConfiguration;
			buildSettings = {
				ASSETCATALOG_COMPILER_APPICON_NAME = AppIcon;
				ASSETCATALOG_COMPILER_GLOBAL_ACCENT_COLOR_NAME = AccentColor;
				CODE_SIGN_STYLE = Automatic;
				CURRENT_PROJECT_VERSION = 1;
				DEVELOPMENT_TEAM = 6774H7NM62;
				GENERATE_INFOPLIST_FILE = YES;
				INFOPLIST_FILE = hw_Collection_view/Info.plist;
				INFOPLIST_KEY_UIApplicationSupportsIndirectInputEvents = YES;
				INFOPLIST_KEY_UILaunchStoryboardName = LaunchScreen;
				INFOPLIST_KEY_UIMainStoryboardFile = Main;
				INFOPLIST_KEY_UISupportedInterfaceOrientations_iPad = "UIInterfaceOrientationPortrait UIInterfaceOrientationPortraitUpsideDown UIInterfaceOrientationLandscapeLeft UIInterfaceOrientationLandscapeRight";
				INFOPLIST_KEY_UISupportedInterfaceOrientations_iPhone = "UIInterfaceOrientationPortrait UIInterfaceOrientationLandscapeLeft UIInterfaceOrientationLandscapeRight";
				LD_RUNPATH_SEARCH_PATHS = (
					"$(inherited)",
					"@executable_path/Frameworks",
				);
				MARKETING_VERSION = 1.0;
				PRODUCT_BUNDLE_IDENTIFIER = "com.hw-Collection-view";
				PRODUCT_NAME = "$(TARGET_NAME)";
				SWIFT_EMIT_LOC_STRINGS = YES;
				SWIFT_VERSION = 5.0;
				TARGETED_DEVICE_FAMILY = "1,2";
			};
			name = Debug;
		};
		29457482293A031000D96439 /* Release */ = {
			isa = XCBuildConfiguration;
			buildSettings = {
				ASSETCATALOG_COMPILER_APPICON_NAME = AppIcon;
				ASSETCATALOG_COMPILER_GLOBAL_ACCENT_COLOR_NAME = AccentColor;
				CODE_SIGN_STYLE = Automatic;
				CURRENT_PROJECT_VERSION = 1;
				DEVELOPMENT_TEAM = 6774H7NM62;
				GENERATE_INFOPLIST_FILE = YES;
				INFOPLIST_FILE = hw_Collection_view/Info.plist;
				INFOPLIST_KEY_UIApplicationSupportsIndirectInputEvents = YES;
				INFOPLIST_KEY_UILaunchStoryboardName = LaunchScreen;
				INFOPLIST_KEY_UIMainStoryboardFile = Main;
				INFOPLIST_KEY_UISupportedInterfaceOrientations_iPad = "UIInterfaceOrientationPortrait UIInterfaceOrientationPortraitUpsideDown UIInterfaceOrientationLandscapeLeft UIInterfaceOrientationLandscapeRight";
				INFOPLIST_KEY_UISupportedInterfaceOrientations_iPhone = "UIInterfaceOrientationPortrait UIInterfaceOrientationLandscapeLeft UIInterfaceOrientationLandscapeRight";
				LD_RUNPATH_SEARCH_PATHS = (
					"$(inherited)",
					"@executable_path/Frameworks",
				);
				MARKETING_VERSION = 1.0;
				PRODUCT_BUNDLE_IDENTIFIER = "com.hw-Collection-view";
				PRODUCT_NAME = "$(TARGET_NAME)";
				SWIFT_EMIT_LOC_STRINGS = YES;
				SWIFT_VERSION = 5.0;
				TARGETED_DEVICE_FAMILY = "1,2";
			};
			name = Release;
		};
/* End XCBuildConfiguration section */

/* Begin XCConfigurationList section */
		29457467293A030F00D96439 /* Build configuration list for PBXProject "hw_Collection_view" */ = {
			isa = XCConfigurationList;
			buildConfigurations = (
				2945747E293A031000D96439 /* Debug */,
				2945747F293A031000D96439 /* Release */,
			);
			defaultConfigurationIsVisible = 0;
			defaultConfigurationName = Release;
		};
		29457480293A031000D96439 /* Build configuration list for PBXNativeTarget "hw_Collection_view" */ = {
			isa = XCConfigurationList;
			buildConfigurations = (
				29457481293A031000D96439 /* Debug */,
				29457482293A031000D96439 /* Release */,
			);
			defaultConfigurationIsVisible = 0;
			defaultConfigurationName = Release;
		};
/* End XCConfigurationList section */
	};
	rootObject = 29457464293A030F00D96439 /* Project object */;
}
